{
  "dependencies": {
    "speedtest-net": {
      "version": "1.2.0",
      "dependencies": {
        "progress": {
          "version": "1.1.8"
        },
        "xml2js": {
          "version": "0.4.15",
          "dependencies": {
            "sax": {
              "version": "1.1.4"
            },
            "xmlbuilder": {
              "version": "4.1.0",
              "dependencies": {
                "lodash": {
                  "version": "3.10.1"
                }
              }
            }
          }
        }
      }
    }
  }
}
